<?xml version="1.0" encoding="utf-8"?>
<Project ToolsVersion="4.0" xmlns="http://schemas.microsoft.com/developer/msbuild/2003">
  <ItemGroup>
    <Filter Include="GreenEngine">
      <UniqueIdentifier>{CC1D619C-38D3-D991-C1C7-D3682D7CD095}</UniqueIdentifier>
    </Filter>
    <Filter Include="GreenEngine\Core">
      <UniqueIdentifier>{A4C1F005-90BA-0F58-B9EC-F4DCA544EF63}</UniqueIdentifier>
    </Filter>
  </ItemGroup>
  <ItemGroup>
    <ClInclude Include="src\GreenEngine.h" />
    <ClInclude Include="src\GreenEngine\Core\Application.h">
      <Filter>GreenEngine\Core</Filter>
    </ClInclude>
    <ClInclude Include="src\GreenEngine\Core\Core.h">
      <Filter>GreenEngine\Core</Filter>
    </ClInclude>
  </ItemGroup>
  <ItemGroup>
    <ClCompile Include="src\GreenEngine\Core\Application.cpp">
      <Filter>GreenEngine\Core</Filter>
    </ClCompile>
  </ItemGroup>
</Project>